
Microsoft Visual Studio Solution File, Format Version 12.00
# Visual Studio Version 16
VisualStudioVersion = 16.0.29215.179
MinimumVisualStudioVersion = 10.0.40219.1
Project("{FAE04EC0-301F-11D3-BF4B-00C04F79EFBC}") = "greeting card", "greeting card\greeting card.csproj", "{953DD1A4-C193-4C5C-B127-86B378DA2F66}"
EndProject
Global
	GlobalSection(SolutionConfigurationPlatforms) = preSolution
		Debug|Any CPU = Debug|Any CPU
		Release|Any CPU = Release|Any CPU
	EndGlobalSection
	GlobalSection(ProjectConfigurationPlatforms) = postSolution
		{953DD1A4-C193-4C5C-B127-86B378DA2F66}.Debug|Any CPU.ActiveCfg = Debug|Any CPU
		{953DD1A4-C193-4C5C-B127-86B378DA2F66}.Debug|Any CPU.Build.0 = Debug|Any CPU
		{953DD1A4-C193-4C5C-B127-86B378DA2F66}.Release|Any CPU.ActiveCfg = Release|Any CPU
		{953DD1A4-C193-4C5C-B127-86B378DA2F66}.Release|Any CPU.Build.0 = Release|Any CPU
	EndGlobalSection
	GlobalSection(SolutionProperties) = preSolution
		HideSolutionNode = FALSE
	EndGlobalSection
	GlobalSection(ExtensibilityGlobals) = postSolution
		SolutionGuid = {9E7AAD57-3CE7-46F0-8983-AC4A7A191BF4}
	EndGlobalSection
EndGlobal
